
Microsoft Visual Studio Solution File, Format Version 12.00
# Visual Studio Version 17
VisualStudioVersion = 17.4.33122.133
MinimumVisualStudioVersion = 10.0.40219.1
Project("{9A19103F-16F7-4668-BE54-9A1E7A4F7556}") = "SpireAssault", "SpireAssault.csproj", "{C1187864-3C7A-4810-9F12-55542F16EE75}"
EndProject
Global
	GlobalSection(SolutionConfigurationPlatforms) = preSolution
		Debug|Any CPU = Debug|Any CPU
		Logging|Any CPU = Logging|Any CPU
		Release|Any CPU = Release|Any CPU
	EndGlobalSection
	GlobalSection(ProjectConfigurationPlatforms) = postSolution
		{C1187864-3C7A-4810-9F12-55542F16EE75}.Debug|Any CPU.ActiveCfg = Debug|Any CPU
		{C1187864-3C7A-4810-9F12-55542F16EE75}.Debug|Any CPU.Build.0 = Debug|Any CPU
		{C1187864-3C7A-4810-9F12-55542F16EE75}.Logging|Any CPU.ActiveCfg = Logging|Any CPU
		{C1187864-3C7A-4810-9F12-55542F16EE75}.Logging|Any CPU.Build.0 = Logging|Any CPU
		{C1187864-3C7A-4810-9F12-55542F16EE75}.Release|Any CPU.ActiveCfg = Release|Any CPU
		{C1187864-3C7A-4810-9F12-55542F16EE75}.Release|Any CPU.Build.0 = Release|Any CPU
	EndGlobalSection
	GlobalSection(SolutionProperties) = preSolution
		HideSolutionNode = FALSE
	EndGlobalSection
	GlobalSection(ExtensibilityGlobals) = postSolution
		SolutionGuid = {26DBC30B-3479-4F24-8454-89475267F08E}
	EndGlobalSection
EndGlobal
